<?xml version="1.0" encoding="utf-8"?>
<Project ToolsVersion="4.0" xmlns="http://schemas.microsoft.com/developer/msbuild/2003">
  <ItemGroup>
    <Filter Include="src">
      <UniqueIdentifier>{80047e5a-1d34-445f-b604-64ae96f38838}</UniqueIdentifier>
    </Filter>
  </ItemGroup>
  <ItemGroup>
    <ClCompile Include="..\src\aes.cpp">
      <Filter>src</Filter>
    </ClCompile>
    <ClCompile Include="..\src\hash.cpp">
      <Filter>src</Filter>
    </ClCompile>
    <ClCompile Include="..\src\json.cpp">
      <Filter>src</Filter>
    </ClCompile>
    <ClCompile Include="..\src\nap_common.cpp">
      <Filter>src</Filter>
    </ClCompile>
    <ClCompile Include="..\src\net.cpp">
      <Filter>src</Filter>
    </ClCompile>
    <ClCompile Include="..\src\threadpool.cpp">
      <Filter>src</Filter>
    </ClCompile>
    <ClCompile Include="..\src\trans.cpp">
      <Filter>src</Filter>
    </ClCompile>
    <ClCompile Include="..\src\btring.cpp">
      <Filter>src</Filter>
    </ClCompile>
  </ItemGroup>
  <ItemGroup>
    <ClInclude Include="..\src\aes.h">
      <Filter>src</Filter>
    </ClInclude>
    <ClInclude Include="..\src\hash.h">
      <Filter>src</Filter>
    </ClInclude>
    <ClInclude Include="..\src\json.h">
      <Filter>src</Filter>
    </ClInclude>
    <ClInclude Include="..\src\libnap.h">
      <Filter>src</Filter>
    </ClInclude>
    <ClInclude Include="..\src\nap_common.h">
      <Filter>src</Filter>
    </ClInclude>
    <ClInclude Include="..\src\net.h">
      <Filter>src</Filter>
    </ClInclude>
    <ClInclude Include="..\src\threadpool.h">
      <Filter>src</Filter>
    </ClInclude>
    <ClInclude Include="..\src\trans.h">
      <Filter>src</Filter>
    </ClInclude>
    <ClInclude Include="..\src\btring.h">
      <Filter>src</Filter>
    </ClInclude>
  </ItemGroup>
</Project>